
Microsoft Visual Studio Solution File, Format Version 12.00
# Visual Studio 15
VisualStudioVersion = 15.0.27703.2047
MinimumVisualStudioVersion = 10.0.40219.1
Project("{00D1A9C2-B5F0-4AF3-8072-F6C62B433612}") = "Xassee.Training.CRM.Db", "Xassee.Training.CRM.Db.sqlproj", "{2C37E3AA-BDC2-4500-AF52-E6796C8E3588}"
EndProject
Global
	GlobalSection(SolutionConfigurationPlatforms) = preSolution
		Debug|Any CPU = Debug|Any CPU
		Release|Any CPU = Release|Any CPU
	EndGlobalSection
	GlobalSection(ProjectConfigurationPlatforms) = postSolution
		{2C37E3AA-BDC2-4500-AF52-E6796C8E3588}.Debug|Any CPU.ActiveCfg = Debug|Any CPU
		{2C37E3AA-BDC2-4500-AF52-E6796C8E3588}.Debug|Any CPU.Build.0 = Debug|Any CPU
		{2C37E3AA-BDC2-4500-AF52-E6796C8E3588}.Debug|Any CPU.Deploy.0 = Debug|Any CPU
		{2C37E3AA-BDC2-4500-AF52-E6796C8E3588}.Release|Any CPU.ActiveCfg = Release|Any CPU
		{2C37E3AA-BDC2-4500-AF52-E6796C8E3588}.Release|Any CPU.Build.0 = Release|Any CPU
		{2C37E3AA-BDC2-4500-AF52-E6796C8E3588}.Release|Any CPU.Deploy.0 = Release|Any CPU
	EndGlobalSection
	GlobalSection(SolutionProperties) = preSolution
		HideSolutionNode = FALSE
	EndGlobalSection
	GlobalSection(ExtensibilityGlobals) = postSolution
		SolutionGuid = {DD2B0BEB-1C12-4DFA-89F7-8FDD5CA491D6}
	EndGlobalSection
EndGlobal
